
Microsoft Visual Studio Solution File, Format Version 12.00
# Visual Studio 14
VisualStudioVersion = 14.0.25420.1
MinimumVisualStudioVersion = 10.0.40219.1
Project("{FAE04EC0-301F-11D3-BF4B-00C04F79EFBC}") = "ConsoleApplication1", "ConsoleApplication1\ConsoleApplication1.csproj", "{F1B88697-3DB4-43EB-954A-D0C4673AE920}"
EndProject
Project("{FAE04EC0-301F-11D3-BF4B-00C04F79EFBC}") = "SouthBoundAPI1", "SouthBoundAPI1\SouthBoundAPI1.csproj", "{F2C9BE94-013F-4524-831C-11505E6F3DEB}"
EndProject
Global
	GlobalSection(SolutionConfigurationPlatforms) = preSolution
		Debug|Any CPU = Debug|Any CPU
		Release|Any CPU = Release|Any CPU
	EndGlobalSection
	GlobalSection(ProjectConfigurationPlatforms) = postSolution
		{F1B88697-3DB4-43EB-954A-D0C4673AE920}.Debug|Any CPU.ActiveCfg = Debug|Any CPU
		{F1B88697-3DB4-43EB-954A-D0C4673AE920}.Debug|Any CPU.Build.0 = Debug|Any CPU
		{F1B88697-3DB4-43EB-954A-D0C4673AE920}.Release|Any CPU.ActiveCfg = Release|Any CPU
		{F1B88697-3DB4-43EB-954A-D0C4673AE920}.Release|Any CPU.Build.0 = Release|Any CPU
		{F2C9BE94-013F-4524-831C-11505E6F3DEB}.Debug|Any CPU.ActiveCfg = Debug|Any CPU
		{F2C9BE94-013F-4524-831C-11505E6F3DEB}.Debug|Any CPU.Build.0 = Debug|Any CPU
		{F2C9BE94-013F-4524-831C-11505E6F3DEB}.Release|Any CPU.ActiveCfg = Release|Any CPU
		{F2C9BE94-013F-4524-831C-11505E6F3DEB}.Release|Any CPU.Build.0 = Release|Any CPU
	EndGlobalSection
	GlobalSection(SolutionProperties) = preSolution
		HideSolutionNode = FALSE
	EndGlobalSection
EndGlobal
